// !$*UTF8*$!
{
	archiveVersion = 1;
	classes = {
	};
	objectVersion = 46;
	objects = {

/* Begin PBXBuildFile section */
		C250D62B1AA4A1D700B649C0 /* main.m in Sources */ = {isa = PBXBuildFile; fileRef = C250D62A1AA4A1D700B649C0 /* main.m */; };
		C250D62E1AA4A1D700B649C0 /* AppDelegate.m in Sources */ = {isa = PBXBuildFile; fileRef = C250D62D1AA4A1D700B649C0 /* AppDelegate.m */; };
		C250D6311AA4A1D700B649C0 /* ViewController.m in Sources */ = {isa = PBXBuildFile; fileRef = C250D6301AA4A1D700B649C0 /* ViewController.m */; };
		C250D6341AA4A1D700B649C0 /* Main.storyboard in Resources */ = {isa = PBXBuildFile; fileRef = C250D6321AA4A1D700B649C0 /* Main.storyboard */; };
		C250D6361AA4A1D700B649C0 /* Images.xcassets in Resources */ = {isa = PBXBuildFile; fileRef = C250D6351AA4A1D700B649C0 /* Images.xcassets */; };
		C250D6391AA4A1D700B649C0 /* LaunchScreen.xib in Resources */ = {isa = PBXBuildFile; fileRef = C250D6371AA4A1D700B649C0 /* LaunchScreen.xib */; };
		C250D6451AA4A1D700B649C0 /* MAGNudityDetectorDemoTests.m in Sources */ = {isa = PBXBuildFile; fileRef = C250D6441AA4A1D700B649C0 /* MAGNudityDetectorDemoTests.m */; };
		C250D6511AA4A1F200B649C0 /* MAGNudityDetector.m in Sources */ = {isa = PBXBuildFile; fileRef = C250D6501AA4A1F200B649C0 /* MAGNudityDetector.m */; };
/* End PBXBuildFile section */

/* Begin PBXContainerItemProxy section */
		C250D63F1AA4A1D700B649C0 /* PBXContainerItemProxy */ = {
			isa = PBXContainerItemProxy;
			containerPortal = C250D61D1AA4A1D700B649C0 /* Project object */;
			proxyType = 1;
			remoteGlobalIDString = C250D6241AA4A1D700B649C0;
			remoteInfo = MAGNudityDetectorDemo;
		};
/* End PBXContainerItemProxy section */

/* Begin PBXFileReference section */
		C250D6251AA4A1D700B649C0 /* MAGNudityDetectorDemo.app */ = {isa = PBXFileReference; explicitFileType = wrapper.application; includeInIndex = 0; path = MAGNudityDetectorDemo.app; sourceTree = BUILT_PRODUCTS_DIR; };
		C250D6291AA4A1D700B649C0 /* Info.plist */ = {isa = PBXFileReference; lastKnownFileType = text.plist.xml; path = Info.plist; sourceTree = "<group>"; };
		C250D62A1AA4A1D700B649C0 /* main.m */ = {isa = PBXFileReference; lastKnownFileType = sourcecode.c.objc; path = main.m; sourceTree = "<group>"; };
		C250D62C1AA4A1D700B649C0 /* AppDelegate.h */ = {isa = PBXFileReference; lastKnownFileType = sourcecode.c.h; path = AppDelegate.h; sourceTree = "<group>"; };
		C250D62D1AA4A1D700B649C0 /* AppDelegate.m */ = {isa = PBXFileReference; lastKnownFileType = sourcecode.c.objc; path = AppDelegate.m; sourceTree = "<group>"; };
		C250D62F1AA4A1D700B649C0 /* ViewController.h */ = {isa = PBXFileReference; lastKnownFileType = sourcecode.c.h; path = ViewController.h; sourceTree = "<group>"; };
		C250D6301AA4A1D700B649C0 /* ViewController.m */ = {isa = PBXFileReference; lastKnownFileType = sourcecode.c.objc; path = ViewController.m; sourceTree = "<group>"; };
		C250D6331AA4A1D700B649C0 /* Base */ = {isa = PBXFileReference; lastKnownFileType = file.storyboard; name = Base; path = Base.lproj/Main.storyboard; sourceTree = "<group>"; };
		C250D6351AA4A1D700B649C0 /* Images.xcassets */ = {isa = PBXFileReference; lastKnownFileType = folder.assetcatalog; path = Images.xcassets; sourceTree = "<group>"; };
		C250D6381AA4A1D700B649C0 /* Base */ = {isa = PBXFileReference; lastKnownFileType = file.xib; name = Base; path = Base.lproj/LaunchScreen.xib; sourceTree = "<group>"; };
		C250D63E1AA4A1D700B649C0 /* MAGNudityDetectorDemoTests.xctest */ = {isa = PBXFileReference; explicitFileType = wrapper.cfbundle; includeInIndex = 0; path = MAGNudityDetectorDemoTests.xctest; sourceTree = BUILT_PRODUCTS_DIR; };
		C250D6431AA4A1D700B649C0 /* Info.plist */ = {isa = PBXFileReference; lastKnownFileType = text.plist.xml; path = Info.plist; sourceTree = "<group>"; };
		C250D6441AA4A1D700B649C0 /* MAGNudityDetectorDemoTests.m */ = {isa = PBXFileReference; lastKnownFileType = sourcecode.c.objc; path = MAGNudityDetectorDemoTests.m; sourceTree = "<group>"; };
		C250D64F1AA4A1F200B649C0 /* MAGNudityDetector.h */ = {isa = PBXFileReference; fileEncoding = 4; lastKnownFileType = sourcecode.c.h; name = MAGNudityDetector.h; path = ../../../MAGNudityDetector/MAGNudityDetector.h; sourceTree = "<group>"; };
		C250D6501AA4A1F200B649C0 /* MAGNudityDetector.m */ = {isa = PBXFileReference; fileEncoding = 4; lastKnownFileType = sourcecode.c.objc; name = MAGNudityDetector.m; path = ../../../MAGNudityDetector/MAGNudityDetector.m; sourceTree = "<group>"; };
/* End PBXFileReference section */

/* Begin PBXFrameworksBuildPhase section */
		C250D6221AA4A1D700B649C0 /* Frameworks */ = {
			isa = PBXFrameworksBuildPhase;
			buildActionMask = 2147483647;
			files = (
			);
			runOnlyForDeploymentPostprocessing = 0;
		};
		C250D63B1AA4A1D700B649C0 /* Frameworks */ = {
			isa = PBXFrameworksBuildPhase;
			buildActionMask = 2147483647;
			files = (
			);
			runOnlyForDeploymentPostprocessing = 0;
		};
/* End PBXFrameworksBuildPhase section */

/* Begin PBXGroup section */
		C250D61C1AA4A1D700B649C0 = {
			isa = PBXGroup;
			children = (
				C250D6271AA4A1D700B649C0 /* MAGNudityDetectorDemo */,
				C250D6411AA4A1D700B649C0 /* MAGNudityDetectorDemoTests */,
				C250D6261AA4A1D700B649C0 /* Products */,
			);
			sourceTree = "<group>";
		};
		C250D6261AA4A1D700B649C0 /* Products */ = {
			isa = PBXGroup;
			children = (
				C250D6251AA4A1D700B649C0 /* MAGNudityDetectorDemo.app */,
				C250D63E1AA4A1D700B649C0 /* MAGNudityDetectorDemoTests.xctest */,
			);
			name = Products;
			sourceTree = "<group>";
		};
		C250D6271AA4A1D700B649C0 /* MAGNudityDetectorDemo */ = {
			isa = PBXGroup;
			children = (
				C250D64E1AA4A1E100B649C0 /* MAGNudityDetector */,
				C250D62C1AA4A1D700B649C0 /* AppDelegate.h */,
				C250D62D1AA4A1D700B649C0 /* AppDelegate.m */,
				C250D62F1AA4A1D700B649C0 /* ViewController.h */,
				C250D6301AA4A1D700B649C0 /* ViewController.m */,
				C250D6321AA4A1D700B649C0 /* Main.storyboard */,
				C250D6351AA4A1D700B649C0 /* Images.xcassets */,
				C250D6371AA4A1D700B649C0 /* LaunchScreen.xib */,
				C250D6281AA4A1D700B649C0 /* Supporting Files */,
			);
			path = MAGNudityDetectorDemo;
			sourceTree = "<group>";
		};
		C250D6281AA4A1D700B649C0 /* Supporting Files */ = {
			isa = PBXGroup;
			children = (
				C250D6291AA4A1D700B649C0 /* Info.plist */,
				C250D62A1AA4A1D700B649C0 /* main.m */,
			);
			name = "Supporting Files";
			sourceTree = "<group>";
		};
		C250D6411AA4A1D700B649C0 /* MAGNudityDetectorDemoTests */ = {
			isa = PBXGroup;
			children = (
				C250D6441AA4A1D700B649C0 /* MAGNudityDetectorDemoTests.m */,
				C250D6421AA4A1D700B649C0 /* Supporting Files */,
			);
			path = MAGNudityDetectorDemoTests;
			sourceTree = "<group>";
		};
		C250D6421AA4A1D700B649C0 /* Supporting Files */ = {
			isa = PBXGroup;
			children = (
				C250D6431AA4A1D700B649C0 /* Info.plist */,
			);
			name = "Supporting Files";
			sourceTree = "<group>";
		};
		C250D64E1AA4A1E100B649C0 /* MAGNudityDetector */ = {
			isa = PBXGroup;
			children = (
				C250D64F1AA4A1F200B649C0 /* MAGNudityDetector.h */,
				C250D6501AA4A1F200B649C0 /* MAGNudityDetector.m */,
			);
			name = MAGNudityDetector;
			sourceTree = "<group>";
		};
/* End PBXGroup section */

/* Begin PBXNativeTarget section */
		C250D6241AA4A1D700B649C0 /* MAGNudityDetectorDemo */ = {
			isa = PBXNativeTarget;
			buildConfigurationList = C250D6481AA4A1D700B649C0 /* Build configuration list for PBXNativeTarget "MAGNudityDetectorDemo" */;
			buildPhases = (
				C250D6211AA4A1D700B649C0 /* Sources */,
				C250D6221AA4A1D700B649C0 /* Frameworks */,
				C250D6231AA4A1D700B649C0 /* Resources */,
			);
			buildRules = (
			);
			dependencies = (
			);
			name = MAGNudityDetectorDemo;
			productName = MAGNudityDetectorDemo;
			productReference = C250D6251AA4A1D700B649C0 /* MAGNudityDetectorDemo.app */;
			productType = "com.apple.product-type.application";
		};
		C250D63D1AA4A1D700B649C0 /* MAGNudityDetectorDemoTests */ = {
			isa = PBXNativeTarget;
			buildConfigurationList = C250D64B1AA4A1D700B649C0 /* Build configuration list for PBXNativeTarget "MAGNudityDetectorDemoTests" */;
			buildPhases = (
				C250D63A1AA4A1D700B649C0 /* Sources */,
				C250D63B1AA4A1D700B649C0 /* Frameworks */,
				C250D63C1AA4A1D700B649C0 /* Resources */,
			);
			buildRules = (
			);
			dependencies = (
				C250D6401AA4A1D700B649C0 /* PBXTargetDependency */,
			);
			name = MAGNudityDetectorDemoTests;
			productName = MAGNudityDetectorDemoTests;
			productReference = C250D63E1AA4A1D700B649C0 /* MAGNudityDetectorDemoTests.xctest */;
			productType = "com.apple.product-type.bundle.unit-test";
		};
/* End PBXNativeTarget section */

/* Begin PBXProject section */
		C250D61D1AA4A1D700B649C0 /* Project object */ = {
			isa = PBXProject;
			attributes = {
				LastUpgradeCheck = 0610;
				ORGANIZATIONNAME = MadAppGang;
				TargetAttributes = {
					C250D6241AA4A1D700B649C0 = {
						CreatedOnToolsVersion = 6.1.1;
					};
					C250D63D1AA4A1D700B649C0 = {
						CreatedOnToolsVersion = 6.1.1;
						TestTargetID = C250D6241AA4A1D700B649C0;
					};
				};
			};
			buildConfigurationList = C250D6201AA4A1D700B649C0 /* Build configuration list for PBXProject "MAGNudityDetectorDemo" */;
			compatibilityVersion = "Xcode 3.2";
			developmentRegion = English;
			hasScannedForEncodings = 0;
			knownRegions = (
				en,
				Base,
			);
			mainGroup = C250D61C1AA4A1D700B649C0;
			productRefGroup = C250D6261AA4A1D700B649C0 /* Products */;
			projectDirPath = "";
			projectRoot = "";
			targets = (
				C250D6241AA4A1D700B649C0 /* MAGNudityDetectorDemo */,
				C250D63D1AA4A1D700B649C0 /* MAGNudityDetectorDemoTests */,
			);
		};
/* End PBXProject section */

/* Begin PBXResourcesBuildPhase section */
		C250D6231AA4A1D700B649C0 /* Resources */ = {
			isa = PBXResourcesBuildPhase;
			buildActionMask = 2147483647;
			files = (
				C250D6341AA4A1D700B649C0 /* Main.storyboard in Resources */,
				C250D6391AA4A1D700B649C0 /* LaunchScreen.xib in Resources */,
				C250D6361AA4A1D700B649C0 /* Images.xcassets in Resources */,
			);
			runOnlyForDeploymentPostprocessing = 0;
		};
		C250D63C1AA4A1D700B649C0 /* Resources */ = {
			isa = PBXResourcesBuildPhase;
			buildActionMask = 2147483647;
			files = (
			);
			runOnlyForDeploymentPostprocessing = 0;
		};
/* End PBXResourcesBuildPhase section */

/* Begin PBXSourcesBuildPhase section */
		C250D6211AA4A1D700B649C0 /* Sources */ = {
			isa = PBXSourcesBuildPhase;
			buildActionMask = 2147483647;
			files = (
				C250D6311AA4A1D700B649C0 /* ViewController.m in Sources */,
				C250D62E1AA4A1D700B649C0 /* AppDelegate.m in Sources */,
				C250D6511AA4A1F200B649C0 /* MAGNudityDetector.m in Sources */,
				C250D62B1AA4A1D700B649C0 /* main.m in Sources */,
			);
			runOnlyForDeploymentPostprocessing = 0;
		};
		C250D63A1AA4A1D700B649C0 /* Sources */ = {
			isa = PBXSourcesBuildPhase;
			buildActionMask = 2147483647;
			files = (
				C250D6451AA4A1D700B649C0 /* MAGNudityDetectorDemoTests.m in Sources */,
			);
			runOnlyForDeploymentPostprocessing = 0;
		};
/* End PBXSourcesBuildPhase section */

/* Begin PBXTargetDependency section */
		C250D6401AA4A1D700B649C0 /* PBXTargetDependency */ = {
			isa = PBXTargetDependency;
			target = C250D6241AA4A1D700B649C0 /* MAGNudityDetectorDemo */;
			targetProxy = C250D63F1AA4A1D700B649C0 /* PBXContainerItemProxy */;
		};
/* End PBXTargetDependency section */

/* Begin PBXVariantGroup section */
		C250D6321AA4A1D700B649C0 /* Main.storyboard */ = {
			isa = PBXVariantGroup;
			children = (
				C250D6331AA4A1D700B649C0 /* Base */,
			);
			name = Main.storyboard;
			sourceTree = "<group>";
		};
		C250D6371AA4A1D700B649C0 /* LaunchScreen.xib */ = {
			isa = PBXVariantGroup;
			children = (
				C250D6381AA4A1D700B649C0 /* Base */,
			);
			name = LaunchScreen.xib;
			sourceTree = "<group>";
		};
/* End PBXVariantGroup section */

/* Begin XCBuildConfiguration section */
		C250D6461AA4A1D700B649C0 /* Debug */ = {
			isa = XCBuildConfiguration;
			buildSettings = {
				ALWAYS_SEARCH_USER_PATHS = NO;
				CLANG_CXX_LANGUAGE_STANDARD = "gnu++0x";
				CLANG_CXX_LIBRARY = "libc++";
				CLANG_ENABLE_MODULES = YES;
				CLANG_ENABLE_OBJC_ARC = YES;
				CLANG_WARN_BOOL_CONVERSION = YES;
				CLANG_WARN_CONSTANT_CONVERSION = YES;
				CLANG_WARN_DIRECT_OBJC_ISA_USAGE = YES_ERROR;
				CLANG_WARN_EMPTY_BODY = YES;
				CLANG_WARN_ENUM_CONVERSION = YES;
				CLANG_WARN_INT_CONVERSION = YES;
				CLANG_WARN_OBJC_ROOT_CLASS = YES_ERROR;
				CLANG_WARN_UNREACHABLE_CODE = YES;
				CLANG_WARN__DUPLICATE_METHOD_MATCH = YES;
				"CODE_SIGN_IDENTITY[sdk=iphoneos*]" = "iPhone Developer";
				COPY_PHASE_STRIP = NO;
				ENABLE_STRICT_OBJC_MSGSEND = YES;
				GCC_C_LANGUAGE_STANDARD = gnu99;
				GCC_DYNAMIC_NO_PIC = NO;
				GCC_OPTIMIZATION_LEVEL = 0;
				GCC_PREPROCESSOR_DEFINITIONS = (
					"DEBUG=1",
					"$(inherited)",
				);
				GCC_SYMBOLS_PRIVATE_EXTERN = NO;
				GCC_WARN_64_TO_32_BIT_CONVERSION = YES;
				GCC_WARN_ABOUT_RETURN_TYPE = YES_ERROR;
				GCC_WARN_UNDECLARED_SELECTOR = YES;
				GCC_WARN_UNINITIALIZED_AUTOS = YES_AGGRESSIVE;
				GCC_WARN_UNUSED_FUNCTION = YES;
				GCC_WARN_UNUSED_VARIABLE = YES;
				IPHONEOS_DEPLOYMENT_TARGET = 8.1;
				MTL_ENABLE_DEBUG_INFO = YES;
				ONLY_ACTIVE_ARCH = YES;
				SDKROOT = iphoneos;
				TARGETED_DEVICE_FAMILY = "1,2";
			};
			name = Debug;
		};
		C250D6471AA4A1D700B649C0 /* Release */ = {
			isa = XCBuildConfiguration;
			buildSettings = {
				ALWAYS_SEARCH_USER_PATHS = NO;
				CLANG_CXX_LANGUAGE_STANDARD = "gnu++0x";
				CLANG_CXX_LIBRARY = "libc++";
				CLANG_ENABLE_MODULES = YES;
				CLANG_ENABLE_OBJC_ARC = YES;
				CLANG_WARN_BOOL_CONVERSION = YES;
				CLANG_WARN_CONSTANT_CONVERSION = YES;
				CLANG_WARN_DIRECT_OBJC_ISA_USAGE = YES_ERROR;
				CLANG_WARN_EMPTY_BODY = YES;
				CLANG_WARN_ENUM_CONVERSION = YES;
				CLANG_WARN_INT_CONVERSION = YES;
				CLANG_WARN_OBJC_ROOT_CLASS = YES_ERROR;
				CLANG_WARN_UNREACHABLE_CODE = YES;
				CLANG_WARN__DUPLICATE_METHOD_MATCH = YES;
				"CODE_SIGN_IDENTITY[sdk=iphoneos*]" = "iPhone Developer";
				COPY_PHASE_STRIP = YES;
				ENABLE_NS_ASSERTIONS = NO;
				ENABLE_STRICT_OBJC_MSGSEND = YES;
				GCC_C_LANGUAGE_STANDARD = gnu99;
				GCC_WARN_64_TO_32_BIT_CONVERSION = YES;
				GCC_WARN_ABOUT_RETURN_TYPE = YES_ERROR;
				GCC_WARN_UNDECLARED_SELECTOR = YES;
				GCC_WARN_UNINITIALIZED_AUTOS = YES_AGGRESSIVE;
				GCC_WARN_UNUSED_FUNCTION = YES;
				GCC_WARN_UNUSED_VARIABLE = YES;
				IPHONEOS_DEPLOYMENT_TARGET = 8.1;
				MTL_ENABLE_DEBUG_INFO = NO;
				SDKROOT = iphoneos;
				TARGETED_DEVICE_FAMILY = "1,2";
				VALIDATE_PRODUCT = YES;
			};
			name = Release;
		};
		C250D6491AA4A1D700B649C0 /* Debug */ = {
			isa = XCBuildConfiguration;
			buildSettings = {
				ASSETCATALOG_COMPILER_APPICON_NAME = AppIcon;
				INFOPLIST_FILE = MAGNudityDetectorDemo/Info.plist;
				LD_RUNPATH_SEARCH_PATHS = "$(inherited) @executable_path/Frameworks";
				PRODUCT_NAME = "$(TARGET_NAME)";
			};
			name = Debug;
		};
		C250D64A1AA4A1D700B649C0 /* Release */ = {
			isa = XCBuildConfiguration;
			buildSettings = {
				ASSETCATALOG_COMPILER_APPICON_NAME = AppIcon;
				INFOPLIST_FILE = MAGNudityDetectorDemo/Info.plist;
				LD_RUNPATH_SEARCH_PATHS = "$(inherited) @executable_path/Frameworks";
				PRODUCT_NAME = "$(TARGET_NAME)";
			};
			name = Release;
		};
		C250D64C1AA4A1D700B649C0 /* Debug */ = {
			isa = XCBuildConfiguration;
			buildSettings = {
				BUNDLE_LOADER = "$(TEST_HOST)";
				FRAMEWORK_SEARCH_PATHS = (
					"$(SDKROOT)/Developer/Library/Frameworks",
					"$(inherited)",
				);
				GCC_PREPROCESSOR_DEFINITIONS = (
					"DEBUG=1",
					"$(inherited)",
				);
				INFOPLIST_FILE = MAGNudityDetectorDemoTests/Info.plist;
				LD_RUNPATH_SEARCH_PATHS = "$(inherited) @executable_path/Frameworks @loader_path/Frameworks";
				PRODUCT_NAME = "$(TARGET_NAME)";
				TEST_HOST = "$(BUILT_PRODUCTS_DIR)/MAGNudityDetectorDemo.app/MAGNudityDetectorDemo";
			};
			name = Debug;
		};
		C250D64D1AA4A1D700B649C0 /* Release */ = {
			isa = XCBuildConfiguration;
			buildSettings = {
				BUNDLE_LOADER = "$(TEST_HOST)";
				FRAMEWORK_SEARCH_PATHS = (
					"$(SDKROOT)/Developer/Library/Frameworks",
					"$(inherited)",
				);
				INFOPLIST_FILE = MAGNudityDetectorDemoTests/Info.plist;
				LD_RUNPATH_SEARCH_PATHS = "$(inherited) @executable_path/Frameworks @loader_path/Frameworks";
				PRODUCT_NAME = "$(TARGET_NAME)";
				TEST_HOST = "$(BUILT_PRODUCTS_DIR)/MAGNudityDetectorDemo.app/MAGNudityDetectorDemo";
			};
			name = Release;
		};
/* End XCBuildConfiguration section */

/* Begin XCConfigurationList section */
		C250D6201AA4A1D700B649C0 /* Build configuration list for PBXProject "MAGNudityDetectorDemo" */ = {
			isa = XCConfigurationList;
			buildConfigurations = (
				C250D6461AA4A1D700B649C0 /* Debug */,
				C250D6471AA4A1D700B649C0 /* Release */,
			);
			defaultConfigurationIsVisible = 0;
			defaultConfigurationName = Release;
		};
		C250D6481AA4A1D700B649C0 /* Build configuration list for PBXNativeTarget "MAGNudityDetectorDemo" */ = {
			isa = XCConfigurationList;
			buildConfigurations = (
				C250D6491AA4A1D700B649C0 /* Debug */,
				C250D64A1AA4A1D700B649C0 /* Release */,
			);
			defaultConfigurationIsVisible = 0;
		};
		C250D64B1AA4A1D700B649C0 /* Build configuration list for PBXNativeTarget "MAGNudityDetectorDemoTests" */ = {
			isa = XCConfigurationList;
			buildConfigurations = (
				C250D64C1AA4A1D700B649C0 /* Debug */,
				C250D64D1AA4A1D700B649C0 /* Release */,
			);
			defaultConfigurationIsVisible = 0;
		};
/* End XCConfigurationList section */
	};
	rootObject = C250D61D1AA4A1D700B649C0 /* Project object */;
}
